
Microsoft Visual Studio Solution File, Format Version 12.00
# Visual Studio Version 17
VisualStudioVersion = 17.3.32519.111
MinimumVisualStudioVersion = 10.0.40219.1
Project("{FAE04EC0-301F-11D3-BF4B-00C04F79EFBC}") = "Core", "Core\Core.csproj", "{534B5D4B-9229-4184-9614-CA71BF3BEA23}"
EndProject
Project("{9A19103F-16F7-4668-BE54-9A1E7A4F7556}") = "Model", "Model\Model.csproj", "{A1F84BF8-E1D1-47FD-9E21-BA6A906F2C94}"
EndProject
Global
	GlobalSection(SolutionConfigurationPlatforms) = preSolution
		Debug|Any CPU = Debug|Any CPU
		Release|Any CPU = Release|Any CPU
	EndGlobalSection
	GlobalSection(ProjectConfigurationPlatforms) = postSolution
		{534B5D4B-9229-4184-9614-CA71BF3BEA23}.Debug|Any CPU.ActiveCfg = Debug|Any CPU
		{534B5D4B-9229-4184-9614-CA71BF3BEA23}.Debug|Any CPU.Build.0 = Debug|Any CPU
		{534B5D4B-9229-4184-9614-CA71BF3BEA23}.Debug|Any CPU.Deploy.0 = Debug|Any CPU
		{534B5D4B-9229-4184-9614-CA71BF3BEA23}.Release|Any CPU.ActiveCfg = Release|Any CPU
		{534B5D4B-9229-4184-9614-CA71BF3BEA23}.Release|Any CPU.Build.0 = Release|Any CPU
		{534B5D4B-9229-4184-9614-CA71BF3BEA23}.Release|Any CPU.Deploy.0 = Release|Any CPU
		{A1F84BF8-E1D1-47FD-9E21-BA6A906F2C94}.Debug|Any CPU.ActiveCfg = Debug|Any CPU
		{A1F84BF8-E1D1-47FD-9E21-BA6A906F2C94}.Debug|Any CPU.Build.0 = Debug|Any CPU
		{A1F84BF8-E1D1-47FD-9E21-BA6A906F2C94}.Release|Any CPU.ActiveCfg = Release|Any CPU
		{A1F84BF8-E1D1-47FD-9E21-BA6A906F2C94}.Release|Any CPU.Build.0 = Release|Any CPU
	EndGlobalSection
	GlobalSection(SolutionProperties) = preSolution
		HideSolutionNode = FALSE
	EndGlobalSection
	GlobalSection(ExtensibilityGlobals) = postSolution
		SolutionGuid = {75898C22-82FA-444A-BA02-AED5C31123C5}
	EndGlobalSection
EndGlobal
